Microsoft Visual Studio Solution File, Format Version 12.00
# Visual Studio Version 18
VisualStudioVersion = 18.7.11925.98
MinimumVisualStudioVersion = 10.0.40219.1
Project("{FAE04EC0-301F-11D3-BF4B-00C04F79EFBC}") = "LaTeXSnipper.Shared", "LaTeXSnipper.Shared\LaTeXSnipper.Shared.csproj", "{A1B2C3D4-1111-2222-3333-444455556666}"
EndProject
Project("{FAE04EC0-301F-11D3-BF4B-00C04F79EFBC}") = "LaTeXSnipper.Word", "LaTeXSnipper.Word\LaTeXSnipper.Word.csproj", "{8D829C55-CB4D-474D-8AFB-C4753CE45EA1}"
EndProject
Project("{FAE04EC0-301F-11D3-BF4B-00C04F79EFBC}") = "LaTeXSnipper.PowerPoint", "LaTeXSnipper.PowerPoint\LaTeXSnipper.PowerPoint.csproj", "{F00793C0-1FFD-4878-A62C-F11D0D132A8F}"
EndProject
Project("{FAE04EC0-301F-11D3-BF4B-00C04F79EFBC}") = "LaTeXSnipper.Excel", "LaTeXSnipper.Excel\LaTeXSnipper.Excel.csproj", "{29F1E47A-7210-40ED-83B5-9603A86846B4}"
EndProject
Project("{8BC9CEB8-8B4A-11D0-8D11-00A0C91BC942}") = "LaTeXSnipper.OfficePlugin.OleFormulaObjectHandler", "LaTeXSnipper.OleFormulaObjectNative\LaTeXSnipper.OfficePlugin.OleFormulaObjectHandler.vcxproj", "{42A9F2F4-18F3-4A8B-A6F4-81217487956B}"
EndProject
Global
	GlobalSection(SolutionConfigurationPlatforms) = preSolution
		Debug|Any CPU = Debug|Any CPU
		Debug|Win32 = Debug|Win32
		Debug|x64 = Debug|x64
		Release|Any CPU = Release|Any CPU
		Release|Win32 = Release|Win32
		Release|x64 = Release|x64
	EndGlobalSection
	GlobalSection(ProjectConfigurationPlatforms) = postSolution
		{A1B2C3D4-1111-2222-3333-444455556666}.Debug|Any CPU.ActiveCfg = Debug|Any CPU
		{A1B2C3D4-1111-2222-3333-444455556666}.Debug|Any CPU.Build.0 = Debug|Any CPU
		{A1B2C3D4-1111-2222-3333-444455556666}.Debug|Win32.ActiveCfg = Debug|Any CPU
		{A1B2C3D4-1111-2222-3333-444455556666}.Debug|Win32.Build.0 = Debug|Any CPU
		{A1B2C3D4-1111-2222-3333-444455556666}.Debug|x64.ActiveCfg = Debug|Any CPU
		{A1B2C3D4-1111-2222-3333-444455556666}.Debug|x64.Build.0 = Debug|Any CPU
		{A1B2C3D4-1111-2222-3333-444455556666}.Release|Any CPU.ActiveCfg = Release|Any CPU
		{A1B2C3D4-1111-2222-3333-444455556666}.Release|Any CPU.Build.0 = Release|Any CPU
		{A1B2C3D4-1111-2222-3333-444455556666}.Release|Win32.ActiveCfg = Release|Any CPU
		{A1B2C3D4-1111-2222-3333-444455556666}.Release|Win32.Build.0 = Release|Any CPU
		{A1B2C3D4-1111-2222-3333-444455556666}.Release|x64.ActiveCfg = Release|Any CPU
		{A1B2C3D4-1111-2222-3333-444455556666}.Release|x64.Build.0 = Release|Any CPU
		{8D829C55-CB4D-474D-8AFB-C4753CE45EA1}.Debug|Any CPU.ActiveCfg = Debug|Any CPU
		{8D829C55-CB4D-474D-8AFB-C4753CE45EA1}.Debug|Any CPU.Build.0 = Debug|Any CPU
		{8D829C55-CB4D-474D-8AFB-C4753CE45EA1}.Debug|Win32.ActiveCfg = Debug|Any CPU
		{8D829C55-CB4D-474D-8AFB-C4753CE45EA1}.Debug|Win32.Build.0 = Debug|Any CPU
		{8D829C55-CB4D-474D-8AFB-C4753CE45EA1}.Debug|x64.ActiveCfg = Debug|Any CPU
		{8D829C55-CB4D-474D-8AFB-C4753CE45EA1}.Debug|x64.Build.0 = Debug|Any CPU
		{8D829C55-CB4D-474D-8AFB-C4753CE45EA1}.Release|Any CPU.ActiveCfg = Release|Any CPU
		{8D829C55-CB4D-474D-8AFB-C4753CE45EA1}.Release|Any CPU.Build.0 = Release|Any CPU
		{8D829C55-CB4D-474D-8AFB-C4753CE45EA1}.Release|Win32.ActiveCfg = Release|Any CPU
		{8D829C55-CB4D-474D-8AFB-C4753CE45EA1}.Release|Win32.Build.0 = Release|Any CPU
		{8D829C55-CB4D-474D-8AFB-C4753CE45EA1}.Release|x64.ActiveCfg = Release|Any CPU
		{8D829C55-CB4D-474D-8AFB-C4753CE45EA1}.Release|x64.Build.0 = Release|Any CPU
		{F00793C0-1FFD-4878-A62C-F11D0D132A8F}.Debug|Any CPU.ActiveCfg = Debug|Any CPU
		{F00793C0-1FFD-4878-A62C-F11D0D132A8F}.Debug|Any CPU.Build.0 = Debug|Any CPU
		{F00793C0-1FFD-4878-A62C-F11D0D132A8F}.Debug|Win32.ActiveCfg = Debug|Any CPU
		{F00793C0-1FFD-4878-A62C-F11D0D132A8F}.Debug|Win32.Build.0 = Debug|Any CPU
		{F00793C0-1FFD-4878-A62C-F11D0D132A8F}.Debug|x64.ActiveCfg = Debug|Any CPU
		{F00793C0-1FFD-4878-A62C-F11D0D132A8F}.Debug|x64.Build.0 = Debug|Any CPU
		{F00793C0-1FFD-4878-A62C-F11D0D132A8F}.Release|Any CPU.ActiveCfg = Release|Any CPU
		{F00793C0-1FFD-4878-A62C-F11D0D132A8F}.Release|Any CPU.Build.0 = Release|Any CPU
		{F00793C0-1FFD-4878-A62C-F11D0D132A8F}.Release|Win32.ActiveCfg = Release|Any CPU
		{F00793C0-1FFD-4878-A62C-F11D0D132A8F}.Release|Win32.Build.0 = Release|Any CPU
		{F00793C0-1FFD-4878-A62C-F11D0D132A8F}.Release|x64.ActiveCfg = Release|Any CPU
		{F00793C0-1FFD-4878-A62C-F11D0D132A8F}.Release|x64.Build.0 = Release|Any CPU
		{29F1E47A-7210-40ED-83B5-9603A86846B4}.Debug|Any CPU.ActiveCfg = Debug|Any CPU
		{29F1E47A-7210-40ED-83B5-9603A86846B4}.Debug|Any CPU.Build.0 = Debug|Any CPU
		{29F1E47A-7210-40ED-83B5-9603A86846B4}.Debug|Win32.ActiveCfg = Debug|Any CPU
		{29F1E47A-7210-40ED-83B5-9603A86846B4}.Debug|Win32.Build.0 = Debug|Any CPU
		{29F1E47A-7210-40ED-83B5-9603A86846B4}.Debug|x64.ActiveCfg = Debug|Any CPU
		{29F1E47A-7210-40ED-83B5-9603A86846B4}.Debug|x64.Build.0 = Debug|Any CPU
		{29F1E47A-7210-40ED-83B5-9603A86846B4}.Release|Any CPU.ActiveCfg = Release|Any CPU
		{29F1E47A-7210-40ED-83B5-9603A86846B4}.Release|Any CPU.Build.0 = Release|Any CPU
		{29F1E47A-7210-40ED-83B5-9603A86846B4}.Release|Win32.ActiveCfg = Release|Any CPU
		{29F1E47A-7210-40ED-83B5-9603A86846B4}.Release|Win32.Build.0 = Release|Any CPU
		{29F1E47A-7210-40ED-83B5-9603A86846B4}.Release|x64.ActiveCfg = Release|Any CPU
		{29F1E47A-7210-40ED-83B5-9603A86846B4}.Release|x64.Build.0 = Release|Any CPU
		{42A9F2F4-18F3-4A8B-A6F4-81217487956B}.Debug|Any CPU.ActiveCfg = Debug|x64
		{42A9F2F4-18F3-4A8B-A6F4-81217487956B}.Debug|Any CPU.Build.0 = Debug|x64
		{42A9F2F4-18F3-4A8B-A6F4-81217487956B}.Debug|Win32.ActiveCfg = Debug|Win32
		{42A9F2F4-18F3-4A8B-A6F4-81217487956B}.Debug|Win32.Build.0 = Debug|Win32
		{42A9F2F4-18F3-4A8B-A6F4-81217487956B}.Debug|x64.ActiveCfg = Debug|x64
		{42A9F2F4-18F3-4A8B-A6F4-81217487956B}.Debug|x64.Build.0 = Debug|x64
		{42A9F2F4-18F3-4A8B-A6F4-81217487956B}.Release|Any CPU.ActiveCfg = Release|x64
		{42A9F2F4-18F3-4A8B-A6F4-81217487956B}.Release|Any CPU.Build.0 = Release|x64
		{42A9F2F4-18F3-4A8B-A6F4-81217487956B}.Release|Win32.ActiveCfg = Release|Win32
		{42A9F2F4-18F3-4A8B-A6F4-81217487956B}.Release|Win32.Build.0 = Release|Win32
		{42A9F2F4-18F3-4A8B-A6F4-81217487956B}.Release|x64.ActiveCfg = Release|x64
		{42A9F2F4-18F3-4A8B-A6F4-81217487956B}.Release|x64.Build.0 = Release|x64
	EndGlobalSection
	GlobalSection(SolutionProperties) = preSolution
		HideSolutionNode = FALSE
	EndGlobalSection
	GlobalSection(ExtensibilityGlobals) = postSolution
		SolutionGuid = {571E52C1-5D4C-4F3C-A688-230C1F41AAFE}
	EndGlobalSection
EndGlobal
