Microsoft Visual Studio Solution File, Format Version 12.00
# Visual Studio Version 18
VisualStudioVersion = 18.7.11925.98
MinimumVisualStudioVersion = 10.0.40219.1
Project("{FAE04EC0-301F-11D3-BF4B-00C04F79EFBC}") = "LaTeXSnipper.Shared", "Shared\LaTeXSnipper.Shared.csproj", "{A1B2C3D4-1111-2222-3333-444455556666}"
EndProject
Project("{FAE04EC0-301F-11D3-BF4B-00C04F79EFBC}") = "LaTeXSnipper.Word", "LaTeXSnipper.Word\LaTeXSnipper.Word.csproj", "{A64C0C7D-1D53-4655-9304-EED5545E79CC}"
EndProject
Project("{FAE04EC0-301F-11D3-BF4B-00C04F79EFBC}") = "LaTeXSnipper.Excel", "LaTeXSnipper.Excel\LaTeXSnipper.Excel.csproj", "{1D1AE5AF-CC29-4651-A15F-99C55D0257F1}"
EndProject
Project("{FAE04EC0-301F-11D3-BF4B-00C04F79EFBC}") = "LaTeXSnipper.PowerPoint", "LaTeXSnipper.PowerPoint\LaTeXSnipper.PowerPoint.csproj", "{3D013F9E-D59E-4225-B51B-0405F10B90B6}"
EndProject
Global
	GlobalSection(SolutionConfigurationPlatforms) = preSolution
		Debug|Any CPU = Debug|Any CPU
		Release|Any CPU = Release|Any CPU
	EndGlobalSection
	GlobalSection(ProjectConfigurationPlatforms) = postSolution
		{A1B2C3D4-1111-2222-3333-444455556666}.Debug|Any CPU.ActiveCfg = Debug|Any CPU
		{A1B2C3D4-1111-2222-3333-444455556666}.Debug|Any CPU.Build.0 = Debug|Any CPU
		{A1B2C3D4-1111-2222-3333-444455556666}.Release|Any CPU.ActiveCfg = Release|Any CPU
		{A1B2C3D4-1111-2222-3333-444455556666}.Release|Any CPU.Build.0 = Release|Any CPU
		{A64C0C7D-1D53-4655-9304-EED5545E79CC}.Debug|Any CPU.ActiveCfg = Debug|Any CPU
		{A64C0C7D-1D53-4655-9304-EED5545E79CC}.Debug|Any CPU.Build.0 = Debug|Any CPU
		{A64C0C7D-1D53-4655-9304-EED5545E79CC}.Release|Any CPU.ActiveCfg = Release|Any CPU
		{A64C0C7D-1D53-4655-9304-EED5545E79CC}.Release|Any CPU.Build.0 = Release|Any CPU
		{1D1AE5AF-CC29-4651-A15F-99C55D0257F1}.Debug|Any CPU.ActiveCfg = Debug|Any CPU
		{1D1AE5AF-CC29-4651-A15F-99C55D0257F1}.Debug|Any CPU.Build.0 = Debug|Any CPU
		{1D1AE5AF-CC29-4651-A15F-99C55D0257F1}.Release|Any CPU.ActiveCfg = Release|Any CPU
		{1D1AE5AF-CC29-4651-A15F-99C55D0257F1}.Release|Any CPU.Build.0 = Release|Any CPU
		{3D013F9E-D59E-4225-B51B-0405F10B90B6}.Debug|Any CPU.ActiveCfg = Debug|Any CPU
		{3D013F9E-D59E-4225-B51B-0405F10B90B6}.Debug|Any CPU.Build.0 = Debug|Any CPU
		{3D013F9E-D59E-4225-B51B-0405F10B90B6}.Release|Any CPU.ActiveCfg = Release|Any CPU
		{3D013F9E-D59E-4225-B51B-0405F10B90B6}.Release|Any CPU.Build.0 = Release|Any CPU
	EndGlobalSection
	GlobalSection(SolutionProperties) = preSolution
		HideSolutionNode = FALSE
	EndGlobalSection
	GlobalSection(ExtensibilityGlobals) = postSolution
		SolutionGuid = {571E52C1-5D4C-4F3C-A688-230C1F41AAFE}
	EndGlobalSection
EndGlobal
